
Microsoft Visual Studio Solution File, Format Version 11.00
# Visual Studio 2010
Project("{FAE04EC0-301F-11D3-BF4B-00C04F79EFBC}") = "JqueryTest", "JqueryTest\JqueryTest.csproj", "{3AFA8588-87A5-4B64-95D7-D33E49EC3BB6}"
EndProject
Global
	GlobalSection(SolutionConfigurationPlatforms) = preSolution
		Debug|Any CPU = Debug|Any CPU
		Release|Any CPU = Release|Any CPU
	EndGlobalSection
	GlobalSection(ProjectConfigurationPlatforms) = postSolution
		{3AFA8588-87A5-4B64-95D7-D33E49EC3BB6}.Debug|Any CPU.ActiveCfg = Debug|Any CPU
		{3AFA8588-87A5-4B64-95D7-D33E49EC3BB6}.Debug|Any CPU.Build.0 = Debug|Any CPU
		{3AFA8588-87A5-4B64-95D7-D33E49EC3BB6}.Release|Any CPU.ActiveCfg = Release|Any CPU
		{3AFA8588-87A5-4B64-95D7-D33E49EC3BB6}.Release|Any CPU.Build.0 = Release|Any CPU
	EndGlobalSection
	GlobalSection(SolutionProperties) = preSolution
		HideSolutionNode = FALSE
	EndGlobalSection
EndGlobal
